
Microsoft Visual Studio Solution File, Format Version 12.00
# Visual Studio Version 17
VisualStudioVersion = 17.5.002.0
MinimumVisualStudioVersion = 10.0.40219.1
Project("{9A19103F-16F7-4668-BE54-9A1E7A4F7556}") = "VCCAssemblyTest", "VCCAssemblyTest.csproj", "{0DA0F66C-9BC8-48F6-9AE3-3E4C814046BD}"
EndProject
Global
	GlobalSection(SolutionConfigurationPlatforms) = preSolution
		Debug|Any CPU = Debug|Any CPU
		Release|Any CPU = Release|Any CPU
	EndGlobalSection
	GlobalSection(ProjectConfigurationPlatforms) = postSolution
		{0DA0F66C-9BC8-48F6-9AE3-3E4C814046BD}.Debug|Any CPU.ActiveCfg = Debug|Any CPU
		{0DA0F66C-9BC8-48F6-9AE3-3E4C814046BD}.Debug|Any CPU.Build.0 = Debug|Any CPU
		{0DA0F66C-9BC8-48F6-9AE3-3E4C814046BD}.Release|Any CPU.ActiveCfg = Release|Any CPU
		{0DA0F66C-9BC8-48F6-9AE3-3E4C814046BD}.Release|Any CPU.Build.0 = Release|Any CPU
	EndGlobalSection
	GlobalSection(SolutionProperties) = preSolution
		HideSolutionNode = FALSE
	EndGlobalSection
	GlobalSection(ExtensibilityGlobals) = postSolution
		SolutionGuid = {421A69B0-D65E-4D20-9BDE-4F14E55FE28F}
	EndGlobalSection
EndGlobal
